
Microsoft Visual Studio Solution File, Format Version 11.00
# Visual Studio 2010
Project("{930C7802-8A8C-48F9-8165-68863BCCD9DD}") = "WinAFRED_Setup", "WinAFRED_Setup\WinAFRED_Setup.wixproj", "{220E6383-5FEB-4256-8547-8C2923EC8CB0}"
EndProject
Project("{FAE04EC0-301F-11D3-BF4B-00C04F79EFBC}") = "StarterApp", "StarterApp\StarterApp.csproj", "{2DD63A6C-8028-48BD-9609-BAAE967CF072}"
EndProject
Global
	GlobalSection(TeamFoundationVersionControl) = preSolution
		SccNumberOfProjects = 3
		SccEnterpriseProvider = {4CA58AB2-18FA-4F8D-95D4-32DDF27D184C}
		SccTeamFoundationServer = https://tfs.codeplex.com/tfs/tfs08
		SccLocalPath0 = .
		SccProjectUniqueName1 = WinAFRED_Setup\\WinAFRED_Setup.wixproj
		SccProjectName1 = WinAFRED_Setup
		SccLocalPath1 = WinAFRED_Setup
		SccProjectUniqueName2 = StarterApp\\StarterApp.csproj
		SccProjectName2 = StarterApp
		SccLocalPath2 = StarterApp
	EndGlobalSection
	GlobalSection(SolutionConfigurationPlatforms) = preSolution
		Debug|Any CPU = Debug|Any CPU
		Release|Any CPU = Release|Any CPU
	EndGlobalSection
	GlobalSection(ProjectConfigurationPlatforms) = postSolution
		{220E6383-5FEB-4256-8547-8C2923EC8CB0}.Debug|Any CPU.ActiveCfg = Debug|x86
		{220E6383-5FEB-4256-8547-8C2923EC8CB0}.Release|Any CPU.ActiveCfg = Release|x86
		{2DD63A6C-8028-48BD-9609-BAAE967CF072}.Debug|Any CPU.ActiveCfg = Debug|Any CPU
		{2DD63A6C-8028-48BD-9609-BAAE967CF072}.Debug|Any CPU.Build.0 = Debug|Any CPU
		{2DD63A6C-8028-48BD-9609-BAAE967CF072}.Release|Any CPU.ActiveCfg = Release|Any CPU
		{2DD63A6C-8028-48BD-9609-BAAE967CF072}.Release|Any CPU.Build.0 = Release|Any CPU
	EndGlobalSection
	GlobalSection(SolutionProperties) = preSolution
		HideSolutionNode = FALSE
	EndGlobalSection
	GlobalSection(ExtensibilityGlobals) = postSolution
		BuildVersion_UseGlobalSettings = True
	EndGlobalSection
EndGlobal
